{
  "name": "api_ticket",
  "version": "1.0.0",
  "lockfileVersion": 2,
  "requires": true,
  "packages": {
    "": {
      "name": "api_ticket",
      "version": "1.0.0",
      "license": "ISC",
      "dependencies": {
        "api_ticket": "file:"
      }
    },
    "node_modules/api_ticket": {
      "resolved": "",
      "link": true
    }
  },
  "dependencies": {
    "api_ticket": {
      "version": "file:",
      "requires": {
        "api_ticket": "file:"
      }
    }
  }
}
